
Microsoft Visual Studio Solution File, Format Version 12.00
# Visual Studio Version 17
VisualStudioVersion = 17.1.32210.238
MinimumVisualStudioVersion = 10.0.40219.1
Project("{FAE04EC0-301F-11D3-BF4B-00C04F79EFBC}") = "Lazy", "Lazy\Lazy.csproj", "{0E732F17-5BA8-4D38-BEF9-4A0BFE1A2E16}"
EndProject
Project("{FAE04EC0-301F-11D3-BF4B-00C04F79EFBC}") = "LazyTest", "LazyTest\LazyTest.csproj", "{FCCE8E17-5E3C-4C2C-B3CC-508D361875B6}"
EndProject
Global
	GlobalSection(SolutionConfigurationPlatforms) = preSolution
		Debug|Any CPU = Debug|Any CPU
		Release|Any CPU = Release|Any CPU
	EndGlobalSection
	GlobalSection(ProjectConfigurationPlatforms) = postSolution
		{0E732F17-5BA8-4D38-BEF9-4A0BFE1A2E16}.Debug|Any CPU.ActiveCfg = Debug|Any CPU
		{0E732F17-5BA8-4D38-BEF9-4A0BFE1A2E16}.Debug|Any CPU.Build.0 = Debug|Any CPU
		{0E732F17-5BA8-4D38-BEF9-4A0BFE1A2E16}.Release|Any CPU.ActiveCfg = Release|Any CPU
		{0E732F17-5BA8-4D38-BEF9-4A0BFE1A2E16}.Release|Any CPU.Build.0 = Release|Any CPU
		{FCCE8E17-5E3C-4C2C-B3CC-508D361875B6}.Debug|Any CPU.ActiveCfg = Debug|Any CPU
		{FCCE8E17-5E3C-4C2C-B3CC-508D361875B6}.Debug|Any CPU.Build.0 = Debug|Any CPU
		{FCCE8E17-5E3C-4C2C-B3CC-508D361875B6}.Release|Any CPU.ActiveCfg = Release|Any CPU
		{FCCE8E17-5E3C-4C2C-B3CC-508D361875B6}.Release|Any CPU.Build.0 = Release|Any CPU
	EndGlobalSection
	GlobalSection(SolutionProperties) = preSolution
		HideSolutionNode = FALSE
	EndGlobalSection
	GlobalSection(ExtensibilityGlobals) = postSolution
		SolutionGuid = {0DDD9580-6901-4144-8AC3-FA356145D32C}
	EndGlobalSection
EndGlobal
